
Microsoft Visual Studio Solution File, Format Version 12.00
# Visual Studio 15
VisualStudioVersion = 15.0.26430.15
MinimumVisualStudioVersion = 10.0.40219.1
Project("{FAE04EC0-301F-11D3-BF4B-00C04F79EFBC}") = "SnapShop.Android", "SnapShop\SnapShop.Android\SnapShop.Android.csproj", "{11803685-DA9C-41DD-A98C-D54072F2F122}"
EndProject
Project("{FAE04EC0-301F-11D3-BF4B-00C04F79EFBC}") = "SnapShop", "SnapShop\SnapShop\SnapShop.csproj", "{8139326E-ACF0-4966-98FD-F2567D134167}"
EndProject
Project("{FAE04EC0-301F-11D3-BF4B-00C04F79EFBC}") = "SnapShop.iOS", "SnapShop\SnapShop.iOS\SnapShop.iOS.csproj", "{F89B8CD5-9AA6-4C76-9208-DDA72671092F}"
EndProject
Global
	GlobalSection(SolutionConfigurationPlatforms) = preSolution
		Ad-Hoc|Any CPU = Ad-Hoc|Any CPU
		Ad-Hoc|iPhone = Ad-Hoc|iPhone
		Ad-Hoc|iPhoneSimulator = Ad-Hoc|iPhoneSimulator
		AppStore|Any CPU = AppStore|Any CPU
		AppStore|iPhone = AppStore|iPhone
		AppStore|iPhoneSimulator = AppStore|iPhoneSimulator
		Debug|Any CPU = Debug|Any CPU
		Debug|iPhone = Debug|iPhone
		Debug|iPhoneSimulator = Debug|iPhoneSimulator
		Release|Any CPU = Release|Any CPU
		Release|iPhone = Release|iPhone
		Release|iPhoneSimulator = Release|iPhoneSimulator
	EndGlobalSection
	GlobalSection(ProjectConfigurationPlatforms) = postSolution
		{11803685-DA9C-41DD-A98C-D54072F2F122}.Ad-Hoc|Any CPU.ActiveCfg = Release|Any CPU
		{11803685-DA9C-41DD-A98C-D54072F2F122}.Ad-Hoc|Any CPU.Build.0 = Release|Any CPU
		{11803685-DA9C-41DD-A98C-D54072F2F122}.Ad-Hoc|Any CPU.Deploy.0 = Release|Any CPU
		{11803685-DA9C-41DD-A98C-D54072F2F122}.Ad-Hoc|iPhone.ActiveCfg = Release|Any CPU
		{11803685-DA9C-41DD-A98C-D54072F2F122}.Ad-Hoc|iPhone.Build.0 = Release|Any CPU
		{11803685-DA9C-41DD-A98C-D54072F2F122}.Ad-Hoc|iPhone.Deploy.0 = Release|Any CPU
		{11803685-DA9C-41DD-A98C-D54072F2F122}.Ad-Hoc|iPhoneSimulator.ActiveCfg = Release|Any CPU
		{11803685-DA9C-41DD-A98C-D54072F2F122}.Ad-Hoc|iPhoneSimulator.Build.0 = Release|Any CPU
		{11803685-DA9C-41DD-A98C-D54072F2F122}.Ad-Hoc|iPhoneSimulator.Deploy.0 = Release|Any CPU
		{11803685-DA9C-41DD-A98C-D54072F2F122}.AppStore|Any CPU.ActiveCfg = Release|Any CPU
		{11803685-DA9C-41DD-A98C-D54072F2F122}.AppStore|Any CPU.Build.0 = Release|Any CPU
		{11803685-DA9C-41DD-A98C-D54072F2F122}.AppStore|Any CPU.Deploy.0 = Release|Any CPU
		{11803685-DA9C-41DD-A98C-D54072F2F122}.AppStore|iPhone.ActiveCfg = Release|Any CPU
		{11803685-DA9C-41DD-A98C-D54072F2F122}.AppStore|iPhone.Build.0 = Release|Any CPU
		{11803685-DA9C-41DD-A98C-D54072F2F122}.AppStore|iPhone.Deploy.0 = Release|Any CPU
		{11803685-DA9C-41DD-A98C-D54072F2F122}.AppStore|iPhoneSimulator.ActiveCfg = Release|Any CPU
		{11803685-DA9C-41DD-A98C-D54072F2F122}.AppStore|iPhoneSimulator.Build.0 = Release|Any CPU
		{11803685-DA9C-41DD-A98C-D54072F2F122}.AppStore|iPhoneSimulator.Deploy.0 = Release|Any CPU
		{11803685-DA9C-41DD-A98C-D54072F2F122}.Debug|Any CPU.ActiveCfg = Debug|Any CPU
		{11803685-DA9C-41DD-A98C-D54072F2F122}.Debug|Any CPU.Build.0 = Debug|Any CPU
		{11803685-DA9C-41DD-A98C-D54072F2F122}.Debug|Any CPU.Deploy.0 = Debug|Any CPU
		{11803685-DA9C-41DD-A98C-D54072F2F122}.Debug|iPhone.ActiveCfg = Debug|Any CPU
		{11803685-DA9C-41DD-A98C-D54072F2F122}.Debug|iPhone.Build.0 = Debug|Any CPU
		{11803685-DA9C-41DD-A98C-D54072F2F122}.Debug|iPhone.Deploy.0 = Debug|Any CPU
		{11803685-DA9C-41DD-A98C-D54072F2F122}.Debug|iPhoneSimulator.ActiveCfg = Debug|Any CPU
		{11803685-DA9C-41DD-A98C-D54072F2F122}.Debug|iPhoneSimulator.Build.0 = Debug|Any CPU
		{11803685-DA9C-41DD-A98C-D54072F2F122}.Debug|iPhoneSimulator.Deploy.0 = Debug|Any CPU
		{11803685-DA9C-41DD-A98C-D54072F2F122}.Release|Any CPU.ActiveCfg = Release|Any CPU
		{11803685-DA9C-41DD-A98C-D54072F2F122}.Release|Any CPU.Build.0 = Release|Any CPU
		{11803685-DA9C-41DD-A98C-D54072F2F122}.Release|Any CPU.Deploy.0 = Release|Any CPU
		{11803685-DA9C-41DD-A98C-D54072F2F122}.Release|iPhone.ActiveCfg = Release|Any CPU
		{11803685-DA9C-41DD-A98C-D54072F2F122}.Release|iPhone.Build.0 = Release|Any CPU
		{11803685-DA9C-41DD-A98C-D54072F2F122}.Release|iPhone.Deploy.0 = Release|Any CPU
		{11803685-DA9C-41DD-A98C-D54072F2F122}.Release|iPhoneSimulator.ActiveCfg = Release|Any CPU
		{11803685-DA9C-41DD-A98C-D54072F2F122}.Release|iPhoneSimulator.Build.0 = Release|Any CPU
		{11803685-DA9C-41DD-A98C-D54072F2F122}.Release|iPhoneSimulator.Deploy.0 = Release|Any CPU
		{8139326E-ACF0-4966-98FD-F2567D134167}.Ad-Hoc|Any CPU.ActiveCfg = Release|Any CPU
		{8139326E-ACF0-4966-98FD-F2567D134167}.Ad-Hoc|Any CPU.Build.0 = Release|Any CPU
		{8139326E-ACF0-4966-98FD-F2567D134167}.Ad-Hoc|iPhone.ActiveCfg = Release|Any CPU
		{8139326E-ACF0-4966-98FD-F2567D134167}.Ad-Hoc|iPhone.Build.0 = Release|Any CPU
		{8139326E-ACF0-4966-98FD-F2567D134167}.Ad-Hoc|iPhoneSimulator.ActiveCfg = Release|Any CPU
		{8139326E-ACF0-4966-98FD-F2567D134167}.Ad-Hoc|iPhoneSimulator.Build.0 = Release|Any CPU
		{8139326E-ACF0-4966-98FD-F2567D134167}.AppStore|Any CPU.ActiveCfg = Release|Any CPU
		{8139326E-ACF0-4966-98FD-F2567D134167}.AppStore|Any CPU.Build.0 = Release|Any CPU
		{8139326E-ACF0-4966-98FD-F2567D134167}.AppStore|iPhone.ActiveCfg = Release|Any CPU
		{8139326E-ACF0-4966-98FD-F2567D134167}.AppStore|iPhone.Build.0 = Release|Any CPU
		{8139326E-ACF0-4966-98FD-F2567D134167}.AppStore|iPhoneSimulator.ActiveCfg = Release|Any CPU
		{8139326E-ACF0-4966-98FD-F2567D134167}.AppStore|iPhoneSimulator.Build.0 = Release|Any CPU
		{8139326E-ACF0-4966-98FD-F2567D134167}.Debug|Any CPU.ActiveCfg = Debug|Any CPU
		{8139326E-ACF0-4966-98FD-F2567D134167}.Debug|Any CPU.Build.0 = Debug|Any CPU
		{8139326E-ACF0-4966-98FD-F2567D134167}.Debug|iPhone.ActiveCfg = Debug|Any CPU
		{8139326E-ACF0-4966-98FD-F2567D134167}.Debug|iPhone.Build.0 = Debug|Any CPU
		{8139326E-ACF0-4966-98FD-F2567D134167}.Debug|iPhoneSimulator.ActiveCfg = Debug|Any CPU
		{8139326E-ACF0-4966-98FD-F2567D134167}.Debug|iPhoneSimulator.Build.0 = Debug|Any CPU
		{8139326E-ACF0-4966-98FD-F2567D134167}.Release|Any CPU.ActiveCfg = Release|Any CPU
		{8139326E-ACF0-4966-98FD-F2567D134167}.Release|Any CPU.Build.0 = Release|Any CPU
		{8139326E-ACF0-4966-98FD-F2567D134167}.Release|iPhone.ActiveCfg = Release|Any CPU
		{8139326E-ACF0-4966-98FD-F2567D134167}.Release|iPhone.Build.0 = Release|Any CPU
		{8139326E-ACF0-4966-98FD-F2567D134167}.Release|iPhoneSimulator.ActiveCfg = Release|Any CPU
		{8139326E-ACF0-4966-98FD-F2567D134167}.Release|iPhoneSimulator.Build.0 = Release|Any CPU
		{F89B8CD5-9AA6-4C76-9208-DDA72671092F}.Ad-Hoc|Any CPU.ActiveCfg = Ad-Hoc|iPhone
		{F89B8CD5-9AA6-4C76-9208-DDA72671092F}.Ad-Hoc|iPhone.ActiveCfg = Ad-Hoc|iPhone
		{F89B8CD5-9AA6-4C76-9208-DDA72671092F}.Ad-Hoc|iPhone.Build.0 = Ad-Hoc|iPhone
		{F89B8CD5-9AA6-4C76-9208-DDA72671092F}.Ad-Hoc|iPhoneSimulator.ActiveCfg = Ad-Hoc|iPhoneSimulator
		{F89B8CD5-9AA6-4C76-9208-DDA72671092F}.Ad-Hoc|iPhoneSimulator.Build.0 = Ad-Hoc|iPhoneSimulator
		{F89B8CD5-9AA6-4C76-9208-DDA72671092F}.AppStore|Any CPU.ActiveCfg = AppStore|iPhone
		{F89B8CD5-9AA6-4C76-9208-DDA72671092F}.AppStore|iPhone.ActiveCfg = AppStore|iPhone
		{F89B8CD5-9AA6-4C76-9208-DDA72671092F}.AppStore|iPhone.Build.0 = AppStore|iPhone
		{F89B8CD5-9AA6-4C76-9208-DDA72671092F}.AppStore|iPhoneSimulator.ActiveCfg = AppStore|iPhoneSimulator
		{F89B8CD5-9AA6-4C76-9208-DDA72671092F}.AppStore|iPhoneSimulator.Build.0 = AppStore|iPhoneSimulator
		{F89B8CD5-9AA6-4C76-9208-DDA72671092F}.Debug|Any CPU.ActiveCfg = Debug|iPhone
		{F89B8CD5-9AA6-4C76-9208-DDA72671092F}.Debug|iPhone.ActiveCfg = Debug|iPhone
		{F89B8CD5-9AA6-4C76-9208-DDA72671092F}.Debug|iPhone.Build.0 = Debug|iPhone
		{F89B8CD5-9AA6-4C76-9208-DDA72671092F}.Debug|iPhoneSimulator.ActiveCfg = Debug|iPhoneSimulator
		{F89B8CD5-9AA6-4C76-9208-DDA72671092F}.Debug|iPhoneSimulator.Build.0 = Debug|iPhoneSimulator
		{F89B8CD5-9AA6-4C76-9208-DDA72671092F}.Release|Any CPU.ActiveCfg = Release|iPhone
		{F89B8CD5-9AA6-4C76-9208-DDA72671092F}.Release|iPhone.ActiveCfg = Release|iPhone
		{F89B8CD5-9AA6-4C76-9208-DDA72671092F}.Release|iPhone.Build.0 = Release|iPhone
		{F89B8CD5-9AA6-4C76-9208-DDA72671092F}.Release|iPhoneSimulator.ActiveCfg = Release|iPhoneSimulator
		{F89B8CD5-9AA6-4C76-9208-DDA72671092F}.Release|iPhoneSimulator.Build.0 = Release|iPhoneSimulator
	EndGlobalSection
	GlobalSection(SolutionProperties) = preSolution
		HideSolutionNode = FALSE
	EndGlobalSection
EndGlobal
